// !$*UTF8*$!
{
	archiveVersion = 1;
	classes = {
	};
	objectVersion = 48;
	objects = {

/* Begin PBXBuildFile section */
		AF0CA1E61FDDAB9400BFE94F /* AppDelegate.swift in Sources */ = {isa = PBXBuildFile; fileRef = AF0CA1E51FDDAB9400BFE94F /* AppDelegate.swift */; };
		AF0CA1E81FDDAB9400BFE94F /* GameViewController.swift in Sources */ = {isa = PBXBuildFile; fileRef = AF0CA1E71FDDAB9400BFE94F /* GameViewController.swift */; };
		AF0CA1EB1FDDAB9400BFE94F /* Main.storyboard in Resources */ = {isa = PBXBuildFile; fileRef = AF0CA1E91FDDAB9400BFE94F /* Main.storyboard */; };
		AF0CA1ED1FDDAB9400BFE94F /* Assets.xcassets in Resources */ = {isa = PBXBuildFile; fileRef = AF0CA1EC1FDDAB9400BFE94F /* Assets.xcassets */; };
		AF0CA1F01FDDAB9500BFE94F /* LaunchScreen.storyboard in Resources */ = {isa = PBXBuildFile; fileRef = AF0CA1EE1FDDAB9500BFE94F /* LaunchScreen.storyboard */; };
		AF0CA1FB1FDDAB9500BFE94F /* ReduxRockPaperScrissorsTests.swift in Sources */ = {isa = PBXBuildFile; fileRef = AF0CA1FA1FDDAB9500BFE94F /* ReduxRockPaperScrissorsTests.swift */; };
		AF0CA2061FDDB9DE00BFE94F /* Model.swift in Sources */ = {isa = PBXBuildFile; fileRef = AF0CA2051FDDB9DE00BFE94F /* Model.swift */; };
		AF0CA2081FDDBC1E00BFE94F /* State.swift in Sources */ = {isa = PBXBuildFile; fileRef = AF0CA2071FDDBC1E00BFE94F /* State.swift */; };
		AF0CA2101FDDBF0900BFE94F /* WeaponActions.swift in Sources */ = {isa = PBXBuildFile; fileRef = AF0CA20F1FDDBF0900BFE94F /* WeaponActions.swift */; };
		AF0CA2121FDDBFED00BFE94F /* GameReducer.swift in Sources */ = {isa = PBXBuildFile; fileRef = AF0CA2111FDDBFED00BFE94F /* GameReducer.swift */; };
		AF0CA2201FDEC7E500BFE94F /* SessionActions.swift in Sources */ = {isa = PBXBuildFile; fileRef = AF0CA21F1FDEC7E500BFE94F /* SessionActions.swift */; };
		AF0CA2211FDF33E700BFE94F /* SessionActions.swift in Sources */ = {isa = PBXBuildFile; fileRef = AF0CA21F1FDEC7E500BFE94F /* SessionActions.swift */; };
		AF0CA2221FDF33EA00BFE94F /* WeaponActions.swift in Sources */ = {isa = PBXBuildFile; fileRef = AF0CA20F1FDDBF0900BFE94F /* WeaponActions.swift */; };
		AF0CA2231FDF33ED00BFE94F /* GameReducer.swift in Sources */ = {isa = PBXBuildFile; fileRef = AF0CA2111FDDBFED00BFE94F /* GameReducer.swift */; };
		AF0CA2241FDF33F200BFE94F /* State.swift in Sources */ = {isa = PBXBuildFile; fileRef = AF0CA2071FDDBC1E00BFE94F /* State.swift */; };
		AF0CA2251FDF33F600BFE94F /* Model.swift in Sources */ = {isa = PBXBuildFile; fileRef = AF0CA2051FDDB9DE00BFE94F /* Model.swift */; };
		AF655E7220060FA400A26960 /* MultipeerViewController.swift in Sources */ = {isa = PBXBuildFile; fileRef = AF655E7120060FA400A26960 /* MultipeerViewController.swift */; };
		AF655E74200613D000A26960 /* MultipeerState.swift in Sources */ = {isa = PBXBuildFile; fileRef = AF655E73200613D000A26960 /* MultipeerState.swift */; };
		AF655E75200613D000A26960 /* MultipeerState.swift in Sources */ = {isa = PBXBuildFile; fileRef = AF655E73200613D000A26960 /* MultipeerState.swift */; };
		AF655E7720063EC500A26960 /* MultipeerReducer.swift in Sources */ = {isa = PBXBuildFile; fileRef = AF655E7620063EC500A26960 /* MultipeerReducer.swift */; };
		AF655E7820063EC500A26960 /* MultipeerReducer.swift in Sources */ = {isa = PBXBuildFile; fileRef = AF655E7620063EC500A26960 /* MultipeerReducer.swift */; };
		AF655E7A20063F5C00A26960 /* MultipeerActions.swift in Sources */ = {isa = PBXBuildFile; fileRef = AF655E7920063F5C00A26960 /* MultipeerActions.swift */; };
		AF655E7B20063F5C00A26960 /* MultipeerActions.swift in Sources */ = {isa = PBXBuildFile; fileRef = AF655E7920063F5C00A26960 /* MultipeerActions.swift */; };
		AF655E8620066B3D00A26960 /* MultipeerSessionService.swift in Sources */ = {isa = PBXBuildFile; fileRef = AF655E8520066B3D00A26960 /* MultipeerSessionService.swift */; };
		AF655E8720066B3D00A26960 /* MultipeerSessionService.swift in Sources */ = {isa = PBXBuildFile; fileRef = AF655E8520066B3D00A26960 /* MultipeerSessionService.swift */; };
		AFE7E51D1FE1A5800080A465 /* Utility.swift in Sources */ = {isa = PBXBuildFile; fileRef = AFE7E51C1FE1A5800080A465 /* Utility.swift */; };
		AFE7E51F1FE1F90F0080A465 /* GameState.swift in Sources */ = {isa = PBXBuildFile; fileRef = AFE7E51E1FE1F90F0080A465 /* GameState.swift */; };
		AFE7E5201FE1FA400080A465 /* GameState.swift in Sources */ = {isa = PBXBuildFile; fileRef = AFE7E51E1FE1F90F0080A465 /* GameState.swift */; };
		AFE7E5221FE1FAF30080A465 /* AppReducer.swift in Sources */ = {isa = PBXBuildFile; fileRef = AFE7E5211FE1FAF30080A465 /* AppReducer.swift */; };
		AFE7E5231FE1FAF30080A465 /* AppReducer.swift in Sources */ = {isa = PBXBuildFile; fileRef = AFE7E5211FE1FAF30080A465 /* AppReducer.swift */; };
		E272B0E46D14B3BC6D969837 /* Pods_ReduxRockPaperScrissors.framework in Frameworks */ = {isa = PBXBuildFile; fileRef = A83D255EBB28A24D48BB5E05 /* Pods_ReduxRockPaperScrissors.framework */; };
		F2EBE3DD1238A828A86EDDB0 /* Pods_ReduxRockPaperScrissorsTests.framework in Frameworks */ = {isa = PBXBuildFile; fileRef = D9AF7B73093B098DBAE4F9EA /* Pods_ReduxRockPaperScrissorsTests.framework */; };
/* End PBXBuildFile section */

/* Begin PBXContainerItemProxy section */
		AF0CA1F71FDDAB9500BFE94F /* PBXContainerItemProxy */ = {
			isa = PBXContainerItemProxy;
			containerPortal = AF0CA1DA1FDDAB9400BFE94F /* Project object */;
			proxyType = 1;
			remoteGlobalIDString = AF0CA1E11FDDAB9400BFE94F;
			remoteInfo = ReduxRockPaperScrissors;
		};
/* End PBXContainerItemProxy section */

/* Begin PBXFileReference section */
		676204200440C2AF98E4E14A /* Pods-ReduxRockPaperScrissorsTests.debug.xcconfig */ = {isa = PBXFileReference; includeInIndex = 1; lastKnownFileType = text.xcconfig; name = "Pods-ReduxRockPaperScrissorsTests.debug.xcconfig"; path = "Pods/Target Support Files/Pods-ReduxRockPaperScrissorsTests/Pods-ReduxRockPaperScrissorsTests.debug.xcconfig"; sourceTree = "<group>"; };
		A83D255EBB28A24D48BB5E05 /* Pods_ReduxRockPaperScrissors.framework */ = {isa = PBXFileReference; explicitFileType = wrapper.framework; includeInIndex = 0; path = Pods_ReduxRockPaperScrissors.framework; sourceTree = BUILT_PRODUCTS_DIR; };
		AF0CA1E21FDDAB9400BFE94F /* ReduxRockPaperScrissors.app */ = {isa = PBXFileReference; explicitFileType = wrapper.application; includeInIndex = 0; path = ReduxRockPaperScrissors.app; sourceTree = BUILT_PRODUCTS_DIR; };
		AF0CA1E51FDDAB9400BFE94F /* AppDelegate.swift */ = {isa = PBXFileReference; lastKnownFileType = sourcecode.swift; path = AppDelegate.swift; sourceTree = "<group>"; };
		AF0CA1E71FDDAB9400BFE94F /* GameViewController.swift */ = {isa = PBXFileReference; lastKnownFileType = sourcecode.swift; path = GameViewController.swift; sourceTree = "<group>"; };
		AF0CA1EA1FDDAB9400BFE94F /* Base */ = {isa = PBXFileReference; lastKnownFileType = file.storyboard; name = Base; path = Base.lproj/Main.storyboard; sourceTree = "<group>"; };
		AF0CA1EC1FDDAB9400BFE94F /* Assets.xcassets */ = {isa = PBXFileReference; lastKnownFileType = folder.assetcatalog; path = Assets.xcassets; sourceTree = "<group>"; };
		AF0CA1EF1FDDAB9500BFE94F /* Base */ = {isa = PBXFileReference; lastKnownFileType = file.storyboard; name = Base; path = Base.lproj/LaunchScreen.storyboard; sourceTree = "<group>"; };
		AF0CA1F11FDDAB9500BFE94F /* Info.plist */ = {isa = PBXFileReference; lastKnownFileType = text.plist.xml; path = Info.plist; sourceTree = "<group>"; };
		AF0CA1F61FDDAB9500BFE94F /* ReduxRockPaperScrissorsTests.xctest */ = {isa = PBXFileReference; explicitFileType = wrapper.cfbundle; includeInIndex = 0; path = ReduxRockPaperScrissorsTests.xctest; sourceTree = BUILT_PRODUCTS_DIR; };
		AF0CA1FA1FDDAB9500BFE94F /* ReduxRockPaperScrissorsTests.swift */ = {isa = PBXFileReference; lastKnownFileType = sourcecode.swift; path = ReduxRockPaperScrissorsTests.swift; sourceTree = "<group>"; };
		AF0CA1FC1FDDAB9500BFE94F /* Info.plist */ = {isa = PBXFileReference; lastKnownFileType = text.plist.xml; path = Info.plist; sourceTree = "<group>"; };
		AF0CA2051FDDB9DE00BFE94F /* Model.swift */ = {isa = PBXFileReference; lastKnownFileType = sourcecode.swift; path = Model.swift; sourceTree = "<group>"; };
		AF0CA2071FDDBC1E00BFE94F /* State.swift */ = {isa = PBXFileReference; lastKnownFileType = sourcecode.swift; path = State.swift; sourceTree = "<group>"; };
		AF0CA20F1FDDBF0900BFE94F /* WeaponActions.swift */ = {isa = PBXFileReference; lastKnownFileType = sourcecode.swift; path = WeaponActions.swift; sourceTree = "<group>"; };
		AF0CA2111FDDBFED00BFE94F /* GameReducer.swift */ = {isa = PBXFileReference; lastKnownFileType = sourcecode.swift; path = GameReducer.swift; sourceTree = "<group>"; };
		AF0CA21F1FDEC7E500BFE94F /* SessionActions.swift */ = {isa = PBXFileReference; lastKnownFileType = sourcecode.swift; path = SessionActions.swift; sourceTree = "<group>"; };
		AF655E7120060FA400A26960 /* MultipeerViewController.swift */ = {isa = PBXFileReference; lastKnownFileType = sourcecode.swift; path = MultipeerViewController.swift; sourceTree = "<group>"; };
		AF655E73200613D000A26960 /* MultipeerState.swift */ = {isa = PBXFileReference; lastKnownFileType = sourcecode.swift; path = MultipeerState.swift; sourceTree = "<group>"; };
		AF655E7620063EC500A26960 /* MultipeerReducer.swift */ = {isa = PBXFileReference; lastKnownFileType = sourcecode.swift; path = MultipeerReducer.swift; sourceTree = "<group>"; };
		AF655E7920063F5C00A26960 /* MultipeerActions.swift */ = {isa = PBXFileReference; lastKnownFileType = sourcecode.swift; path = MultipeerActions.swift; sourceTree = "<group>"; };
		AF655E8520066B3D00A26960 /* MultipeerSessionService.swift */ = {isa = PBXFileReference; lastKnownFileType = sourcecode.swift; path = MultipeerSessionService.swift; sourceTree = "<group>"; };
		AFE7E51C1FE1A5800080A465 /* Utility.swift */ = {isa = PBXFileReference; lastKnownFileType = sourcecode.swift; path = Utility.swift; sourceTree = "<group>"; };
		AFE7E51E1FE1F90F0080A465 /* GameState.swift */ = {isa = PBXFileReference; lastKnownFileType = sourcecode.swift; path = GameState.swift; sourceTree = "<group>"; };
		AFE7E5211FE1FAF30080A465 /* AppReducer.swift */ = {isa = PBXFileReference; lastKnownFileType = sourcecode.swift; path = AppReducer.swift; sourceTree = "<group>"; };
		B3BF20A0C7AC7EED38302B53 /* Pods-ReduxRockPaperScrissors.release.xcconfig */ = {isa = PBXFileReference; includeInIndex = 1; lastKnownFileType = text.xcconfig; name = "Pods-ReduxRockPaperScrissors.release.xcconfig"; path = "Pods/Target Support Files/Pods-ReduxRockPaperScrissors/Pods-ReduxRockPaperScrissors.release.xcconfig"; sourceTree = "<group>"; };
		B6DA87720DB9E092A940D9D0 /* Pods-ReduxRockPaperScrissors.debug.xcconfig */ = {isa = PBXFileReference; includeInIndex = 1; lastKnownFileType = text.xcconfig; name = "Pods-ReduxRockPaperScrissors.debug.xcconfig"; path = "Pods/Target Support Files/Pods-ReduxRockPaperScrissors/Pods-ReduxRockPaperScrissors.debug.xcconfig"; sourceTree = "<group>"; };
		BD93B60D48EB1E8A1D825B71 /* Pods-ReduxRockPaperScrissorsTests.release.xcconfig */ = {isa = PBXFileReference; includeInIndex = 1; lastKnownFileType = text.xcconfig; name = "Pods-ReduxRockPaperScrissorsTests.release.xcconfig"; path = "Pods/Target Support Files/Pods-ReduxRockPaperScrissorsTests/Pods-ReduxRockPaperScrissorsTests.release.xcconfig"; sourceTree = "<group>"; };
		D9AF7B73093B098DBAE4F9EA /* Pods_ReduxRockPaperScrissorsTests.framework */ = {isa = PBXFileReference; explicitFileType = wrapper.framework; includeInIndex = 0; path = Pods_ReduxRockPaperScrissorsTests.framework; sourceTree = BUILT_PRODUCTS_DIR; };
/* End PBXFileReference section */

/* Begin PBXFrameworksBuildPhase section */
		AF0CA1DF1FDDAB9400BFE94F /* Frameworks */ = {
			isa = PBXFrameworksBuildPhase;
			buildActionMask = 2147483647;
			files = (
				E272B0E46D14B3BC6D969837 /* Pods_ReduxRockPaperScrissors.framework in Frameworks */,
			);
			runOnlyForDeploymentPostprocessing = 0;
		};
		AF0CA1F31FDDAB9500BFE94F /* Frameworks */ = {
			isa = PBXFrameworksBuildPhase;
			buildActionMask = 2147483647;
			files = (
				F2EBE3DD1238A828A86EDDB0 /* Pods_ReduxRockPaperScrissorsTests.framework in Frameworks */,
			);
			runOnlyForDeploymentPostprocessing = 0;
		};
/* End PBXFrameworksBuildPhase section */

/* Begin PBXGroup section */
		409A48ED7E27688AD5BF4DCC /* Frameworks */ = {
			isa = PBXGroup;
			children = (
				A83D255EBB28A24D48BB5E05 /* Pods_ReduxRockPaperScrissors.framework */,
				D9AF7B73093B098DBAE4F9EA /* Pods_ReduxRockPaperScrissorsTests.framework */,
			);
			name = Frameworks;
			sourceTree = "<group>";
		};
		AF0CA1D91FDDAB9400BFE94F = {
			isa = PBXGroup;
			children = (
				AF0CA1E41FDDAB9400BFE94F /* ReduxRockPaperScrissors */,
				AF0CA1F91FDDAB9500BFE94F /* ReduxRockPaperScrissorsTests */,
				AF0CA1E31FDDAB9400BFE94F /* Products */,
				B2216352952A0E764A81B7F1 /* Pods */,
				409A48ED7E27688AD5BF4DCC /* Frameworks */,
			);
			sourceTree = "<group>";
		};
		AF0CA1E31FDDAB9400BFE94F /* Products */ = {
			isa = PBXGroup;
			children = (
				AF0CA1E21FDDAB9400BFE94F /* ReduxRockPaperScrissors.app */,
				AF0CA1F61FDDAB9500BFE94F /* ReduxRockPaperScrissorsTests.xctest */,
			);
			name = Products;
			sourceTree = "<group>";
		};
		AF0CA1E41FDDAB9400BFE94F /* ReduxRockPaperScrissors */ = {
			isa = PBXGroup;
			children = (
				AF0CA1E51FDDAB9400BFE94F /* AppDelegate.swift */,
				AF0CA2091FDDBE4D00BFE94F /* Model */,
				AF0CA20A1FDDBE5700BFE94F /* State */,
				AF655E8420064DE300A26960 /* Services */,
				AF0CA20E1FDDBEDC00BFE94F /* Actions */,
				AF0CA20B1FDDBE6200BFE94F /* Reducers */,
				AF0CA20D1FDDBE9F00BFE94F /* View Controllers */,
				AF0CA1E91FDDAB9400BFE94F /* Main.storyboard */,
				AF0CA20C1FDDBE7B00BFE94F /* Supporting Files */,
			);
			path = ReduxRockPaperScrissors;
			sourceTree = "<group>";
		};
		AF0CA1F91FDDAB9500BFE94F /* ReduxRockPaperScrissorsTests */ = {
			isa = PBXGroup;
			children = (
				AF0CA1FA1FDDAB9500BFE94F /* ReduxRockPaperScrissorsTests.swift */,
				AF0CA1FC1FDDAB9500BFE94F /* Info.plist */,
			);
			path = ReduxRockPaperScrissorsTests;
			sourceTree = "<group>";
		};
		AF0CA2091FDDBE4D00BFE94F /* Model */ = {
			isa = PBXGroup;
			children = (
				AF0CA2051FDDB9DE00BFE94F /* Model.swift */,
				AFE7E51C1FE1A5800080A465 /* Utility.swift */,
			);
			path = Model;
			sourceTree = "<group>";
		};
		AF0CA20A1FDDBE5700BFE94F /* State */ = {
			isa = PBXGroup;
			children = (
				AF0CA2071FDDBC1E00BFE94F /* State.swift */,
				AFE7E51E1FE1F90F0080A465 /* GameState.swift */,
				AF655E73200613D000A26960 /* MultipeerState.swift */,
			);
			path = State;
			sourceTree = "<group>";
		};
		AF0CA20B1FDDBE6200BFE94F /* Reducers */ = {
			isa = PBXGroup;
			children = (
				AFE7E5211FE1FAF30080A465 /* AppReducer.swift */,
				AF0CA2111FDDBFED00BFE94F /* GameReducer.swift */,
				AF655E7620063EC500A26960 /* MultipeerReducer.swift */,
			);
			path = Reducers;
			sourceTree = "<group>";
		};
		AF0CA20C1FDDBE7B00BFE94F /* Supporting Files */ = {
			isa = PBXGroup;
			children = (
				AF0CA1F11FDDAB9500BFE94F /* Info.plist */,
				AF0CA1EE1FDDAB9500BFE94F /* LaunchScreen.storyboard */,
				AF0CA1EC1FDDAB9400BFE94F /* Assets.xcassets */,
			);
			path = "Supporting Files";
			sourceTree = "<group>";
		};
		AF0CA20D1FDDBE9F00BFE94F /* View Controllers */ = {
			isa = PBXGroup;
			children = (
				AF0CA1E71FDDAB9400BFE94F /* GameViewController.swift */,
				AF655E7120060FA400A26960 /* MultipeerViewController.swift */,
			);
			path = "View Controllers";
			sourceTree = "<group>";
		};
		AF0CA20E1FDDBEDC00BFE94F /* Actions */ = {
			isa = PBXGroup;
			children = (
				AF0CA20F1FDDBF0900BFE94F /* WeaponActions.swift */,
				AF0CA21F1FDEC7E500BFE94F /* SessionActions.swift */,
				AF655E7920063F5C00A26960 /* MultipeerActions.swift */,
			);
			path = Actions;
			sourceTree = "<group>";
		};
		AF655E8420064DE300A26960 /* Services */ = {
			isa = PBXGroup;
			children = (
				AF655E8520066B3D00A26960 /* MultipeerSessionService.swift */,
			);
			path = Services;
			sourceTree = "<group>";
		};
		B2216352952A0E764A81B7F1 /* Pods */ = {
			isa = PBXGroup;
			children = (
				B6DA87720DB9E092A940D9D0 /* Pods-ReduxRockPaperScrissors.debug.xcconfig */,
				B3BF20A0C7AC7EED38302B53 /* Pods-ReduxRockPaperScrissors.release.xcconfig */,
				676204200440C2AF98E4E14A /* Pods-ReduxRockPaperScrissorsTests.debug.xcconfig */,
				BD93B60D48EB1E8A1D825B71 /* Pods-ReduxRockPaperScrissorsTests.release.xcconfig */,
			);
			name = Pods;
			sourceTree = "<group>";
		};
/* End PBXGroup section */

/* Begin PBXNativeTarget section */
		AF0CA1E11FDDAB9400BFE94F /* ReduxRockPaperScrissors */ = {
			isa = PBXNativeTarget;
			buildConfigurationList = AF0CA1FF1FDDAB9500BFE94F /* Build configuration list for PBXNativeTarget "ReduxRockPaperScrissors" */;
			buildPhases = (
				9E08D007D85742F3557A6771 /* [CP] Check Pods Manifest.lock */,
				AF0CA1DE1FDDAB9400BFE94F /* Sources */,
				AF0CA1DF1FDDAB9400BFE94F /* Frameworks */,
				AF0CA1E01FDDAB9400BFE94F /* Resources */,
				1B436A036F13C4B28B6A9ADF /* [CP] Embed Pods Frameworks */,
				0921B37A7EC565FE25072FF9 /* [CP] Copy Pods Resources */,
			);
			buildRules = (
			);
			dependencies = (
			);
			name = ReduxRockPaperScrissors;
			productName = ReduxRockPaperScrissors;
			productReference = AF0CA1E21FDDAB9400BFE94F /* ReduxRockPaperScrissors.app */;
			productType = "com.apple.product-type.application";
		};
		AF0CA1F51FDDAB9500BFE94F /* ReduxRockPaperScrissorsTests */ = {
			isa = PBXNativeTarget;
			buildConfigurationList = AF0CA2021FDDAB9500BFE94F /* Build configuration list for PBXNativeTarget "ReduxRockPaperScrissorsTests" */;
			buildPhases = (
				319987BCE06FD6267F7397F3 /* [CP] Check Pods Manifest.lock */,
				AF0CA1F21FDDAB9500BFE94F /* Sources */,
				AF0CA1F31FDDAB9500BFE94F /* Frameworks */,
				AF0CA1F41FDDAB9500BFE94F /* Resources */,
				19AF4A936A7BA819B55EC37D /* [CP] Embed Pods Frameworks */,
				6784B17A8EF36962A345AB47 /* [CP] Copy Pods Resources */,
			);
			buildRules = (
			);
			dependencies = (
				AF0CA1F81FDDAB9500BFE94F /* PBXTargetDependency */,
			);
			name = ReduxRockPaperScrissorsTests;
			productName = ReduxRockPaperScrissorsTests;
			productReference = AF0CA1F61FDDAB9500BFE94F /* ReduxRockPaperScrissorsTests.xctest */;
			productType = "com.apple.product-type.bundle.unit-test";
		};
/* End PBXNativeTarget section */

/* Begin PBXProject section */
		AF0CA1DA1FDDAB9400BFE94F /* Project object */ = {
			isa = PBXProject;
			attributes = {
				LastSwiftUpdateCheck = 0920;
				LastUpgradeCheck = 0920;
				ORGANIZATIONNAME = "Roland Tolnay";
				TargetAttributes = {
					AF0CA1E11FDDAB9400BFE94F = {
						CreatedOnToolsVersion = 9.2;
						ProvisioningStyle = Automatic;
					};
					AF0CA1F51FDDAB9500BFE94F = {
						CreatedOnToolsVersion = 9.2;
						ProvisioningStyle = Automatic;
						TestTargetID = AF0CA1E11FDDAB9400BFE94F;
					};
				};
			};
			buildConfigurationList = AF0CA1DD1FDDAB9400BFE94F /* Build configuration list for PBXProject "ReduxRockPaperScrissors" */;
			compatibilityVersion = "Xcode 8.0";
			developmentRegion = en;
			hasScannedForEncodings = 0;
			knownRegions = (
				en,
				Base,
			);
			mainGroup = AF0CA1D91FDDAB9400BFE94F;
			productRefGroup = AF0CA1E31FDDAB9400BFE94F /* Products */;
			projectDirPath = "";
			projectRoot = "";
			targets = (
				AF0CA1E11FDDAB9400BFE94F /* ReduxRockPaperScrissors */,
				AF0CA1F51FDDAB9500BFE94F /* ReduxRockPaperScrissorsTests */,
			);
		};
/* End PBXProject section */

/* Begin PBXResourcesBuildPhase section */
		AF0CA1E01FDDAB9400BFE94F /* Resources */ = {
			isa = PBXResourcesBuildPhase;
			buildActionMask = 2147483647;
			files = (
				AF0CA1F01FDDAB9500BFE94F /* LaunchScreen.storyboard in Resources */,
				AF0CA1ED1FDDAB9400BFE94F /* Assets.xcassets in Resources */,
				AF0CA1EB1FDDAB9400BFE94F /* Main.storyboard in Resources */,
			);
			runOnlyForDeploymentPostprocessing = 0;
		};
		AF0CA1F41FDDAB9500BFE94F /* Resources */ = {
			isa = PBXResourcesBuildPhase;
			buildActionMask = 2147483647;
			files = (
			);
			runOnlyForDeploymentPostprocessing = 0;
		};
/* End PBXResourcesBuildPhase section */

/* Begin PBXShellScriptBuildPhase section */
		0921B37A7EC565FE25072FF9 /* [CP] Copy Pods Resources */ = {
			isa = PBXShellScriptBuildPhase;
			buildActionMask = 2147483647;
			files = (
			);
			inputPaths = (
			);
			name = "[CP] Copy Pods Resources";
			outputPaths = (
			);
			runOnlyForDeploymentPostprocessing = 0;
			shellPath = /bin/sh;
			shellScript = "\"${SRCROOT}/Pods/Target Support Files/Pods-ReduxRockPaperScrissors/Pods-ReduxRockPaperScrissors-resources.sh\"\n";
			showEnvVarsInLog = 0;
		};
		19AF4A936A7BA819B55EC37D /* [CP] Embed Pods Frameworks */ = {
			isa = PBXShellScriptBuildPhase;
			buildActionMask = 2147483647;
			files = (
			);
			inputPaths = (
			);
			name = "[CP] Embed Pods Frameworks";
			outputPaths = (
			);
			runOnlyForDeploymentPostprocessing = 0;
			shellPath = /bin/sh;
			shellScript = "\"${SRCROOT}/Pods/Target Support Files/Pods-ReduxRockPaperScrissorsTests/Pods-ReduxRockPaperScrissorsTests-frameworks.sh\"\n";
			showEnvVarsInLog = 0;
		};
		1B436A036F13C4B28B6A9ADF /* [CP] Embed Pods Frameworks */ = {
			isa = PBXShellScriptBuildPhase;
			buildActionMask = 2147483647;
			files = (
			);
			inputPaths = (
				"${SRCROOT}/Pods/Target Support Files/Pods-ReduxRockPaperScrissors/Pods-ReduxRockPaperScrissors-frameworks.sh",
				"${BUILT_PRODUCTS_DIR}/ReSwift/ReSwift.framework",
			);
			name = "[CP] Embed Pods Frameworks";
			outputPaths = (
				"${TARGET_BUILD_DIR}/${FRAMEWORKS_FOLDER_PATH}/ReSwift.framework",
			);
			runOnlyForDeploymentPostprocessing = 0;
			shellPath = /bin/sh;
			shellScript = "\"${SRCROOT}/Pods/Target Support Files/Pods-ReduxRockPaperScrissors/Pods-ReduxRockPaperScrissors-frameworks.sh\"\n";
			showEnvVarsInLog = 0;
		};
		319987BCE06FD6267F7397F3 /* [CP] Check Pods Manifest.lock */ = {
			isa = PBXShellScriptBuildPhase;
			buildActionMask = 2147483647;
			files = (
			);
			inputPaths = (
				"${PODS_PODFILE_DIR_PATH}/Podfile.lock",
				"${PODS_ROOT}/Manifest.lock",
			);
			name = "[CP] Check Pods Manifest.lock";
			outputPaths = (
				"$(DERIVED_FILE_DIR)/Pods-ReduxRockPaperScrissorsTests-checkManifestLockResult.txt",
			);
			runOnlyForDeploymentPostprocessing = 0;
			shellPath = /bin/sh;
			shellScript = "diff \"${PODS_PODFILE_DIR_PATH}/Podfile.lock\" \"${PODS_ROOT}/Manifest.lock\" > /dev/null\nif [ $? != 0 ] ; then\n    # print error to STDERR\n    echo \"error: The sandbox is not in sync with the Podfile.lock. Run 'pod install' or update your CocoaPods installation.\" >&2\n    exit 1\nfi\n# This output is used by Xcode 'outputs' to avoid re-running this script phase.\necho \"SUCCESS\" > \"${SCRIPT_OUTPUT_FILE_0}\"\n";
			showEnvVarsInLog = 0;
		};
		6784B17A8EF36962A345AB47 /* [CP] Copy Pods Resources */ = {
			isa = PBXShellScriptBuildPhase;
			buildActionMask = 2147483647;
			files = (
			);
			inputPaths = (
			);
			name = "[CP] Copy Pods Resources";
			outputPaths = (
			);
			runOnlyForDeploymentPostprocessing = 0;
			shellPath = /bin/sh;
			shellScript = "\"${SRCROOT}/Pods/Target Support Files/Pods-ReduxRockPaperScrissorsTests/Pods-ReduxRockPaperScrissorsTests-resources.sh\"\n";
			showEnvVarsInLog = 0;
		};
		9E08D007D85742F3557A6771 /* [CP] Check Pods Manifest.lock */ = {
			isa = PBXShellScriptBuildPhase;
			buildActionMask = 2147483647;
			files = (
			);
			inputPaths = (
				"${PODS_PODFILE_DIR_PATH}/Podfile.lock",
				"${PODS_ROOT}/Manifest.lock",
			);
			name = "[CP] Check Pods Manifest.lock";
			outputPaths = (
				"$(DERIVED_FILE_DIR)/Pods-ReduxRockPaperScrissors-checkManifestLockResult.txt",
			);
			runOnlyForDeploymentPostprocessing = 0;
			shellPath = /bin/sh;
			shellScript = "diff \"${PODS_PODFILE_DIR_PATH}/Podfile.lock\" \"${PODS_ROOT}/Manifest.lock\" > /dev/null\nif [ $? != 0 ] ; then\n    # print error to STDERR\n    echo \"error: The sandbox is not in sync with the Podfile.lock. Run 'pod install' or update your CocoaPods installation.\" >&2\n    exit 1\nfi\n# This output is used by Xcode 'outputs' to avoid re-running this script phase.\necho \"SUCCESS\" > \"${SCRIPT_OUTPUT_FILE_0}\"\n";
			showEnvVarsInLog = 0;
		};
/* End PBXShellScriptBuildPhase section */

/* Begin PBXSourcesBuildPhase section */
		AF0CA1DE1FDDAB9400BFE94F /* Sources */ = {
			isa = PBXSourcesBuildPhase;
			buildActionMask = 2147483647;
			files = (
				AF0CA2121FDDBFED00BFE94F /* GameReducer.swift in Sources */,
				AF0CA2101FDDBF0900BFE94F /* WeaponActions.swift in Sources */,
				AF0CA2061FDDB9DE00BFE94F /* Model.swift in Sources */,
				AF0CA2201FDEC7E500BFE94F /* SessionActions.swift in Sources */,
				AFE7E5221FE1FAF30080A465 /* AppReducer.swift in Sources */,
				AFE7E51D1FE1A5800080A465 /* Utility.swift in Sources */,
				AF0CA1E81FDDAB9400BFE94F /* GameViewController.swift in Sources */,
				AF655E7220060FA400A26960 /* MultipeerViewController.swift in Sources */,
				AFE7E51F1FE1F90F0080A465 /* GameState.swift in Sources */,
				AF0CA1E61FDDAB9400BFE94F /* AppDelegate.swift in Sources */,
				AF0CA2081FDDBC1E00BFE94F /* State.swift in Sources */,
				AF655E8620066B3D00A26960 /* MultipeerSessionService.swift in Sources */,
				AF655E7A20063F5C00A26960 /* MultipeerActions.swift in Sources */,
				AF655E7720063EC500A26960 /* MultipeerReducer.swift in Sources */,
				AF655E74200613D000A26960 /* MultipeerState.swift in Sources */,
			);
			runOnlyForDeploymentPostprocessing = 0;
		};
		AF0CA1F21FDDAB9500BFE94F /* Sources */ = {
			isa = PBXSourcesBuildPhase;
			buildActionMask = 2147483647;
			files = (
				AFE7E5201FE1FA400080A465 /* GameState.swift in Sources */,
				AF0CA2211FDF33E700BFE94F /* SessionActions.swift in Sources */,
				AF655E7820063EC500A26960 /* MultipeerReducer.swift in Sources */,
				AF0CA2221FDF33EA00BFE94F /* WeaponActions.swift in Sources */,
				AF0CA2231FDF33ED00BFE94F /* GameReducer.swift in Sources */,
				AF0CA2251FDF33F600BFE94F /* Model.swift in Sources */,
				AF655E75200613D000A26960 /* MultipeerState.swift in Sources */,
				AF655E7B20063F5C00A26960 /* MultipeerActions.swift in Sources */,
				AF655E8720066B3D00A26960 /* MultipeerSessionService.swift in Sources */,
				AF0CA2241FDF33F200BFE94F /* State.swift in Sources */,
				AFE7E5231FE1FAF30080A465 /* AppReducer.swift in Sources */,
				AF0CA1FB1FDDAB9500BFE94F /* ReduxRockPaperScrissorsTests.swift in Sources */,
			);
			runOnlyForDeploymentPostprocessing = 0;
		};
/* End PBXSourcesBuildPhase section */

/* Begin PBXTargetDependency section */
		AF0CA1F81FDDAB9500BFE94F /* PBXTargetDependency */ = {
			isa = PBXTargetDependency;
			target = AF0CA1E11FDDAB9400BFE94F /* ReduxRockPaperScrissors */;
			targetProxy = AF0CA1F71FDDAB9500BFE94F /* PBXContainerItemProxy */;
		};
/* End PBXTargetDependency section */

/* Begin PBXVariantGroup section */
		AF0CA1E91FDDAB9400BFE94F /* Main.storyboard */ = {
			isa = PBXVariantGroup;
			children = (
				AF0CA1EA1FDDAB9400BFE94F /* Base */,
			);
			name = Main.storyboard;
			sourceTree = "<group>";
		};
		AF0CA1EE1FDDAB9500BFE94F /* LaunchScreen.storyboard */ = {
			isa = PBXVariantGroup;
			children = (
				AF0CA1EF1FDDAB9500BFE94F /* Base */,
			);
			name = LaunchScreen.storyboard;
			sourceTree = "<group>";
		};
/* End PBXVariantGroup section */

/* Begin XCBuildConfiguration section */
		AF0CA1FD1FDDAB9500BFE94F /* Debug */ = {
			isa = XCBuildConfiguration;
			buildSettings = {
				ALWAYS_SEARCH_USER_PATHS = NO;
				CLANG_ANALYZER_NONNULL = YES;
				CLANG_ANALYZER_NUMBER_OBJECT_CONVERSION = YES_AGGRESSIVE;
				CLANG_CXX_LANGUAGE_STANDARD = "gnu++14";
				CLANG_CXX_LIBRARY = "libc++";
				CLANG_ENABLE_MODULES = YES;
				CLANG_ENABLE_OBJC_ARC = YES;
				CLANG_WARN_BLOCK_CAPTURE_AUTORELEASING = YES;
				CLANG_WARN_BOOL_CONVERSION = YES;
				CLANG_WARN_COMMA = YES;
				CLANG_WARN_CONSTANT_CONVERSION = YES;
				CLANG_WARN_DIRECT_OBJC_ISA_USAGE = YES_ERROR;
				CLANG_WARN_DOCUMENTATION_COMMENTS = YES;
				CLANG_WARN_EMPTY_BODY = YES;
				CLANG_WARN_ENUM_CONVERSION = YES;
				CLANG_WARN_INFINITE_RECURSION = YES;
				CLANG_WARN_INT_CONVERSION = YES;
				CLANG_WARN_NON_LITERAL_NULL_CONVERSION = YES;
				CLANG_WARN_OBJC_LITERAL_CONVERSION = YES;
				CLANG_WARN_OBJC_ROOT_CLASS = YES_ERROR;
				CLANG_WARN_RANGE_LOOP_ANALYSIS = YES;
				CLANG_WARN_STRICT_PROTOTYPES = YES;
				CLANG_WARN_SUSPICIOUS_MOVE = YES;
				CLANG_WARN_UNGUARDED_AVAILABILITY = YES_AGGRESSIVE;
				CLANG_WARN_UNREACHABLE_CODE = YES;
				CLANG_WARN__DUPLICATE_METHOD_MATCH = YES;
				CODE_SIGN_IDENTITY = "iPhone Developer";
				COPY_PHASE_STRIP = NO;
				DEBUG_INFORMATION_FORMAT = dwarf;
				ENABLE_STRICT_OBJC_MSGSEND = YES;
				ENABLE_TESTABILITY = YES;
				GCC_C_LANGUAGE_STANDARD = gnu11;
				GCC_DYNAMIC_NO_PIC = NO;
				GCC_NO_COMMON_BLOCKS = YES;
				GCC_OPTIMIZATION_LEVEL = 0;
				GCC_PREPROCESSOR_DEFINITIONS = (
					"DEBUG=1",
					"$(inherited)",
				);
				GCC_WARN_64_TO_32_BIT_CONVERSION = YES;
				GCC_WARN_ABOUT_RETURN_TYPE = YES_ERROR;
				GCC_WARN_UNDECLARED_SELECTOR = YES;
				GCC_WARN_UNINITIALIZED_AUTOS = YES_AGGRESSIVE;
				GCC_WARN_UNUSED_FUNCTION = YES;
				GCC_WARN_UNUSED_VARIABLE = YES;
				IPHONEOS_DEPLOYMENT_TARGET = 11.2;
				MTL_ENABLE_DEBUG_INFO = YES;
				ONLY_ACTIVE_ARCH = YES;
				SDKROOT = iphoneos;
				SWIFT_ACTIVE_COMPILATION_CONDITIONS = DEBUG;
				SWIFT_OPTIMIZATION_LEVEL = "-Onone";
			};
			name = Debug;
		};
		AF0CA1FE1FDDAB9500BFE94F /* Release */ = {
			isa = XCBuildConfiguration;
			buildSettings = {
				ALWAYS_SEARCH_USER_PATHS = NO;
				CLANG_ANALYZER_NONNULL = YES;
				CLANG_ANALYZER_NUMBER_OBJECT_CONVERSION = YES_AGGRESSIVE;
				CLANG_CXX_LANGUAGE_STANDARD = "gnu++14";
				CLANG_CXX_LIBRARY = "libc++";
				CLANG_ENABLE_MODULES = YES;
				CLANG_ENABLE_OBJC_ARC = YES;
				CLANG_WARN_BLOCK_CAPTURE_AUTORELEASING = YES;
				CLANG_WARN_BOOL_CONVERSION = YES;
				CLANG_WARN_COMMA = YES;
				CLANG_WARN_CONSTANT_CONVERSION = YES;
				CLANG_WARN_DIRECT_OBJC_ISA_USAGE = YES_ERROR;
				CLANG_WARN_DOCUMENTATION_COMMENTS = YES;
				CLANG_WARN_EMPTY_BODY = YES;
				CLANG_WARN_ENUM_CONVERSION = YES;
				CLANG_WARN_INFINITE_RECURSION = YES;
				CLANG_WARN_INT_CONVERSION = YES;
				CLANG_WARN_NON_LITERAL_NULL_CONVERSION = YES;
				CLANG_WARN_OBJC_LITERAL_CONVERSION = YES;
				CLANG_WARN_OBJC_ROOT_CLASS = YES_ERROR;
				CLANG_WARN_RANGE_LOOP_ANALYSIS = YES;
				CLANG_WARN_STRICT_PROTOTYPES = YES;
				CLANG_WARN_SUSPICIOUS_MOVE = YES;
				CLANG_WARN_UNGUARDED_AVAILABILITY = YES_AGGRESSIVE;
				CLANG_WARN_UNREACHABLE_CODE = YES;
				CLANG_WARN__DUPLICATE_METHOD_MATCH = YES;
				CODE_SIGN_IDENTITY = "iPhone Developer";
				COPY_PHASE_STRIP = NO;
				DEBUG_INFORMATION_FORMAT = "dwarf-with-dsym";
				ENABLE_NS_ASSERTIONS = NO;
				ENABLE_STRICT_OBJC_MSGSEND = YES;
				GCC_C_LANGUAGE_STANDARD = gnu11;
				GCC_NO_COMMON_BLOCKS = YES;
				GCC_WARN_64_TO_32_BIT_CONVERSION = YES;
				GCC_WARN_ABOUT_RETURN_TYPE = YES_ERROR;
				GCC_WARN_UNDECLARED_SELECTOR = YES;
				GCC_WARN_UNINITIALIZED_AUTOS = YES_AGGRESSIVE;
				GCC_WARN_UNUSED_FUNCTION = YES;
				GCC_WARN_UNUSED_VARIABLE = YES;
				IPHONEOS_DEPLOYMENT_TARGET = 11.2;
				MTL_ENABLE_DEBUG_INFO = NO;
				SDKROOT = iphoneos;
				SWIFT_OPTIMIZATION_LEVEL = "-Owholemodule";
				VALIDATE_PRODUCT = YES;
			};
			name = Release;
		};
		AF0CA2001FDDAB9500BFE94F /* Debug */ = {
			isa = XCBuildConfiguration;
			baseConfigurationReference = B6DA87720DB9E092A940D9D0 /* Pods-ReduxRockPaperScrissors.debug.xcconfig */;
			buildSettings = {
				ASSETCATALOG_COMPILER_APPICON_NAME = AppIcon;
				CODE_SIGN_STYLE = Automatic;
				DEVELOPMENT_TEAM = JYW3B323JJ;
				INFOPLIST_FILE = "$(SRCROOT)/ReduxRockPaperScrissors/Supporting Files/Info.plist";
				LD_RUNPATH_SEARCH_PATHS = "$(inherited) @executable_path/Frameworks";
				PRODUCT_BUNDLE_IDENTIFIER = com.rolandtolnay.ReduxRockPaperScrissors;
				PRODUCT_NAME = "$(TARGET_NAME)";
				SWIFT_VERSION = 4.0;
				TARGETED_DEVICE_FAMILY = "1,2";
			};
			name = Debug;
		};
		AF0CA2011FDDAB9500BFE94F /* Release */ = {
			isa = XCBuildConfiguration;
			baseConfigurationReference = B3BF20A0C7AC7EED38302B53 /* Pods-ReduxRockPaperScrissors.release.xcconfig */;
			buildSettings = {
				ASSETCATALOG_COMPILER_APPICON_NAME = AppIcon;
				CODE_SIGN_STYLE = Automatic;
				DEVELOPMENT_TEAM = JYW3B323JJ;
				INFOPLIST_FILE = "$(SRCROOT)/ReduxRockPaperScrissors/Supporting Files/Info.plist";
				LD_RUNPATH_SEARCH_PATHS = "$(inherited) @executable_path/Frameworks";
				PRODUCT_BUNDLE_IDENTIFIER = com.rolandtolnay.ReduxRockPaperScrissors;
				PRODUCT_NAME = "$(TARGET_NAME)";
				SWIFT_VERSION = 4.0;
				TARGETED_DEVICE_FAMILY = "1,2";
			};
			name = Release;
		};
		AF0CA2031FDDAB9500BFE94F /* Debug */ = {
			isa = XCBuildConfiguration;
			baseConfigurationReference = 676204200440C2AF98E4E14A /* Pods-ReduxRockPaperScrissorsTests.debug.xcconfig */;
			buildSettings = {
				ALWAYS_EMBED_SWIFT_STANDARD_LIBRARIES = YES;
				BUNDLE_LOADER = "$(TEST_HOST)";
				CODE_SIGN_STYLE = Automatic;
				DEVELOPMENT_TEAM = JYW3B323JJ;
				INFOPLIST_FILE = ReduxRockPaperScrissorsTests/Info.plist;
				LD_RUNPATH_SEARCH_PATHS = "$(inherited) @executable_path/Frameworks @loader_path/Frameworks";
				PRODUCT_BUNDLE_IDENTIFIER = com.rolandtolnay.ReduxRockPaperScrissorsTests;
				PRODUCT_NAME = "$(TARGET_NAME)";
				SWIFT_VERSION = 4.0;
				TARGETED_DEVICE_FAMILY = "1,2";
				TEST_HOST = "$(BUILT_PRODUCTS_DIR)/ReduxRockPaperScrissors.app/ReduxRockPaperScrissors";
			};
			name = Debug;
		};
		AF0CA2041FDDAB9500BFE94F /* Release */ = {
			isa = XCBuildConfiguration;
			baseConfigurationReference = BD93B60D48EB1E8A1D825B71 /* Pods-ReduxRockPaperScrissorsTests.release.xcconfig */;
			buildSettings = {
				ALWAYS_EMBED_SWIFT_STANDARD_LIBRARIES = YES;
				BUNDLE_LOADER = "$(TEST_HOST)";
				CODE_SIGN_STYLE = Automatic;
				DEVELOPMENT_TEAM = JYW3B323JJ;
				INFOPLIST_FILE = ReduxRockPaperScrissorsTests/Info.plist;
				LD_RUNPATH_SEARCH_PATHS = "$(inherited) @executable_path/Frameworks @loader_path/Frameworks";
				PRODUCT_BUNDLE_IDENTIFIER = com.rolandtolnay.ReduxRockPaperScrissorsTests;
				PRODUCT_NAME = "$(TARGET_NAME)";
				SWIFT_VERSION = 4.0;
				TARGETED_DEVICE_FAMILY = "1,2";
				TEST_HOST = "$(BUILT_PRODUCTS_DIR)/ReduxRockPaperScrissors.app/ReduxRockPaperScrissors";
			};
			name = Release;
		};
/* End XCBuildConfiguration section */

/* Begin XCConfigurationList section */
		AF0CA1DD1FDDAB9400BFE94F /* Build configuration list for PBXProject "ReduxRockPaperScrissors" */ = {
			isa = XCConfigurationList;
			buildConfigurations = (
				AF0CA1FD1FDDAB9500BFE94F /* Debug */,
				AF0CA1FE1FDDAB9500BFE94F /* Release */,
			);
			defaultConfigurationIsVisible = 0;
			defaultConfigurationName = Release;
		};
		AF0CA1FF1FDDAB9500BFE94F /* Build configuration list for PBXNativeTarget "ReduxRockPaperScrissors" */ = {
			isa = XCConfigurationList;
			buildConfigurations = (
				AF0CA2001FDDAB9500BFE94F /* Debug */,
				AF0CA2011FDDAB9500BFE94F /* Release */,
			);
			defaultConfigurationIsVisible = 0;
			defaultConfigurationName = Release;
		};
		AF0CA2021FDDAB9500BFE94F /* Build configuration list for PBXNativeTarget "ReduxRockPaperScrissorsTests" */ = {
			isa = XCConfigurationList;
			buildConfigurations = (
				AF0CA2031FDDAB9500BFE94F /* Debug */,
				AF0CA2041FDDAB9500BFE94F /* Release */,
			);
			defaultConfigurationIsVisible = 0;
			defaultConfigurationName = Release;
		};
/* End XCConfigurationList section */
	};
	rootObject = AF0CA1DA1FDDAB9400BFE94F /* Project object */;
}
